
Microsoft Visual Studio Solution File, Format Version 12.00
# Visual Studio 15
VisualStudioVersion = 15.0.26124.0
MinimumVisualStudioVersion = 15.0.26124.0
Project("{FAE04EC0-301F-11D3-BF4B-00C04F79EFBC}") = "tests", "tests\tests.csproj", "{6286968B-189E-4CC9-894F-75E7AC688268}"
EndProject
Project("{FAE04EC0-301F-11D3-BF4B-00C04F79EFBC}") = "lib", "lib\lib.csproj", "{9D2B83D9-48CC-4100-B2D3-6A51C070C56A}"
EndProject
Project("{FAE04EC0-301F-11D3-BF4B-00C04F79EFBC}") = "console", "console\console.csproj", "{B691413B-6D0C-4900-9868-5CFFCA65B866}"
EndProject
Global
	GlobalSection(SolutionConfigurationPlatforms) = preSolution
		Debug|Any CPU = Debug|Any CPU
		Debug|x64 = Debug|x64
		Debug|x86 = Debug|x86
		Release|Any CPU = Release|Any CPU
		Release|x64 = Release|x64
		Release|x86 = Release|x86
	EndGlobalSection
	GlobalSection(SolutionProperties) = preSolution
		HideSolutionNode = FALSE
	EndGlobalSection
	GlobalSection(ProjectConfigurationPlatforms) = postSolution
		{6286968B-189E-4CC9-894F-75E7AC688268}.Debug|Any CPU.ActiveCfg = Debug|Any CPU
		{6286968B-189E-4CC9-894F-75E7AC688268}.Debug|Any CPU.Build.0 = Debug|Any CPU
		{6286968B-189E-4CC9-894F-75E7AC688268}.Debug|x64.ActiveCfg = Debug|Any CPU
		{6286968B-189E-4CC9-894F-75E7AC688268}.Debug|x64.Build.0 = Debug|Any CPU
		{6286968B-189E-4CC9-894F-75E7AC688268}.Debug|x86.ActiveCfg = Debug|Any CPU
		{6286968B-189E-4CC9-894F-75E7AC688268}.Debug|x86.Build.0 = Debug|Any CPU
		{6286968B-189E-4CC9-894F-75E7AC688268}.Release|Any CPU.ActiveCfg = Release|Any CPU
		{6286968B-189E-4CC9-894F-75E7AC688268}.Release|Any CPU.Build.0 = Release|Any CPU
		{6286968B-189E-4CC9-894F-75E7AC688268}.Release|x64.ActiveCfg = Release|Any CPU
		{6286968B-189E-4CC9-894F-75E7AC688268}.Release|x64.Build.0 = Release|Any CPU
		{6286968B-189E-4CC9-894F-75E7AC688268}.Release|x86.ActiveCfg = Release|Any CPU
		{6286968B-189E-4CC9-894F-75E7AC688268}.Release|x86.Build.0 = Release|Any CPU
		{9D2B83D9-48CC-4100-B2D3-6A51C070C56A}.Debug|Any CPU.ActiveCfg = Debug|Any CPU
		{9D2B83D9-48CC-4100-B2D3-6A51C070C56A}.Debug|Any CPU.Build.0 = Debug|Any CPU
		{9D2B83D9-48CC-4100-B2D3-6A51C070C56A}.Debug|x64.ActiveCfg = Debug|Any CPU
		{9D2B83D9-48CC-4100-B2D3-6A51C070C56A}.Debug|x64.Build.0 = Debug|Any CPU
		{9D2B83D9-48CC-4100-B2D3-6A51C070C56A}.Debug|x86.ActiveCfg = Debug|Any CPU
		{9D2B83D9-48CC-4100-B2D3-6A51C070C56A}.Debug|x86.Build.0 = Debug|Any CPU
		{9D2B83D9-48CC-4100-B2D3-6A51C070C56A}.Release|Any CPU.ActiveCfg = Release|Any CPU
		{9D2B83D9-48CC-4100-B2D3-6A51C070C56A}.Release|Any CPU.Build.0 = Release|Any CPU
		{9D2B83D9-48CC-4100-B2D3-6A51C070C56A}.Release|x64.ActiveCfg = Release|Any CPU
		{9D2B83D9-48CC-4100-B2D3-6A51C070C56A}.Release|x64.Build.0 = Release|Any CPU
		{9D2B83D9-48CC-4100-B2D3-6A51C070C56A}.Release|x86.ActiveCfg = Release|Any CPU
		{9D2B83D9-48CC-4100-B2D3-6A51C070C56A}.Release|x86.Build.0 = Release|Any CPU
		{B691413B-6D0C-4900-9868-5CFFCA65B866}.Debug|Any CPU.ActiveCfg = Debug|Any CPU
		{B691413B-6D0C-4900-9868-5CFFCA65B866}.Debug|Any CPU.Build.0 = Debug|Any CPU
		{B691413B-6D0C-4900-9868-5CFFCA65B866}.Debug|x64.ActiveCfg = Debug|Any CPU
		{B691413B-6D0C-4900-9868-5CFFCA65B866}.Debug|x64.Build.0 = Debug|Any CPU
		{B691413B-6D0C-4900-9868-5CFFCA65B866}.Debug|x86.ActiveCfg = Debug|Any CPU
		{B691413B-6D0C-4900-9868-5CFFCA65B866}.Debug|x86.Build.0 = Debug|Any CPU
		{B691413B-6D0C-4900-9868-5CFFCA65B866}.Release|Any CPU.ActiveCfg = Release|Any CPU
		{B691413B-6D0C-4900-9868-5CFFCA65B866}.Release|Any CPU.Build.0 = Release|Any CPU
		{B691413B-6D0C-4900-9868-5CFFCA65B866}.Release|x64.ActiveCfg = Release|Any CPU
		{B691413B-6D0C-4900-9868-5CFFCA65B866}.Release|x64.Build.0 = Release|Any CPU
		{B691413B-6D0C-4900-9868-5CFFCA65B866}.Release|x86.ActiveCfg = Release|Any CPU
		{B691413B-6D0C-4900-9868-5CFFCA65B866}.Release|x86.Build.0 = Release|Any CPU
	EndGlobalSection
EndGlobal
